Microsoft Visual Studio Solution File, Format Version 12.00
# Visual Studio 2012
Project("{E7F8C1C9-B5DF-75E1-FB74-D0BA823A00D5}") = "1HGJ-0001", "Assembly-CSharp.csproj", "{F7D35EBD-C35F-93A4-D386-DE700C4F72BF}"
EndProject
Project("{E7F8C1C9-B5DF-75E1-FB74-D0BA823A00D5}") = "1HGJ-0001", "Assembly-CSharp-Editor.csproj", "{324A35E2-F6F2-11C2-AB34-91FBBD0458BC}"
EndProject
Global
	GlobalSection(SolutionConfigurationPlatforms) = preSolution
		Debug|Any CPU = Debug|Any CPU
		Release|Any CPU = Release|Any CPU
	EndGlobalSection
	GlobalSection(ProjectConfigurationPlatforms) = postSolution
		{F7D35EBD-C35F-93A4-D386-DE700C4F72BF}.Debug|Any CPU.ActiveCfg = Debug|Any CPU
		{F7D35EBD-C35F-93A4-D386-DE700C4F72BF}.Debug|Any CPU.Build.0 = Debug|Any CPU
		{F7D35EBD-C35F-93A4-D386-DE700C4F72BF}.Release|Any CPU.ActiveCfg = Release|Any CPU
		{F7D35EBD-C35F-93A4-D386-DE700C4F72BF}.Release|Any CPU.Build.0 = Release|Any CPU
		{324A35E2-F6F2-11C2-AB34-91FBBD0458BC}.Debug|Any CPU.ActiveCfg = Debug|Any CPU
		{324A35E2-F6F2-11C2-AB34-91FBBD0458BC}.Debug|Any CPU.Build.0 = Debug|Any CPU
		{324A35E2-F6F2-11C2-AB34-91FBBD0458BC}.Release|Any CPU.ActiveCfg = Release|Any CPU
		{324A35E2-F6F2-11C2-AB34-91FBBD0458BC}.Release|Any CPU.Build.0 = Release|Any CPU
	EndGlobalSection
	GlobalSection(MonoDevelopProperties) = preSolution
		StartupItem = Assembly-CSharp.csproj
	EndGlobalSection
EndGlobal
